// !$*UTF8*$!
{
	archiveVersion = 1;
	classes = {
	};
	objectVersion = 46;
	objects = {

/* Begin PBXBuildFile section */
		389586CD1CEAD9CC0027485C /* AppDelegate.swift in Sources */ = {isa = PBXBuildFile; fileRef = 389586CC1CEAD9CC0027485C /* AppDelegate.swift */; };
		389586CF1CEAD9CC0027485C /* ViewController.swift in Sources */ = {isa = PBXBuildFile; fileRef = 389586CE1CEAD9CC0027485C /* ViewController.swift */; };
		389586D21CEAD9CC0027485C /* Main.storyboard in Resources */ = {isa = PBXBuildFile; fileRef = 389586D01CEAD9CC0027485C /* Main.storyboard */; };
		389586D51CEAD9CC0027485C /* taskWeek5CoreData.xcdatamodeld in Sources */ = {isa = PBXBuildFile; fileRef = 389586D31CEAD9CC0027485C /* taskWeek5CoreData.xcdatamodeld */; };
		389586D71CEAD9CC0027485C /* Assets.xcassets in Resources */ = {isa = PBXBuildFile; fileRef = 389586D61CEAD9CC0027485C /* Assets.xcassets */; };
		389586DA1CEAD9CC0027485C /* LaunchScreen.storyboard in Resources */ = {isa = PBXBuildFile; fileRef = 389586D81CEAD9CC0027485C /* LaunchScreen.storyboard */; };
		389586E21CEC20850027485C /* mainTableViewController.swift in Sources */ = {isa = PBXBuildFile; fileRef = 389586E11CEC20840027485C /* mainTableViewController.swift */; };
		389586E41CEC21290027485C /* isbnViewController.swift in Sources */ = {isa = PBXBuildFile; fileRef = 389586E31CEC21290027485C /* isbnViewController.swift */; };
		38BA88001D15D92100F0C509 /* detalleViewController.swift in Sources */ = {isa = PBXBuildFile; fileRef = 38BA87FF1D15D92100F0C509 /* detalleViewController.swift */; };
/* End PBXBuildFile section */

/* Begin PBXFileReference section */
		389586C91CEAD9CC0027485C /* taskWeek5CoreData.app */ = {isa = PBXFileReference; explicitFileType = wrapper.application; includeInIndex = 0; path = taskWeek5CoreData.app; sourceTree = BUILT_PRODUCTS_DIR; };
		389586CC1CEAD9CC0027485C /* AppDelegate.swift */ = {isa = PBXFileReference; lastKnownFileType = sourcecode.swift; path = AppDelegate.swift; sourceTree = "<group>"; };
		389586CE1CEAD9CC0027485C /* ViewController.swift */ = {isa = PBXFileReference; lastKnownFileType = sourcecode.swift; path = ViewController.swift; sourceTree = "<group>"; };
		389586D11CEAD9CC0027485C /* Base */ = {isa = PBXFileReference; lastKnownFileType = file.storyboard; name = Base; path = Base.lproj/Main.storyboard; sourceTree = "<group>"; };
		389586D41CEAD9CC0027485C /* taskWeek5CoreData.xcdatamodel */ = {isa = PBXFileReference; lastKnownFileType = wrapper.xcdatamodel; path = taskWeek5CoreData.xcdatamodel; sourceTree = "<group>"; };
		389586D61CEAD9CC0027485C /* Assets.xcassets */ = {isa = PBXFileReference; lastKnownFileType = folder.assetcatalog; path = Assets.xcassets; sourceTree = "<group>"; };
		389586D91CEAD9CC0027485C /* Base */ = {isa = PBXFileReference; lastKnownFileType = file.storyboard; name = Base; path = Base.lproj/LaunchScreen.storyboard; sourceTree = "<group>"; };
		389586DB1CEAD9CC0027485C /* Info.plist */ = {isa = PBXFileReference; lastKnownFileType = text.plist.xml; path = Info.plist; sourceTree = "<group>"; };
		389586E11CEC20840027485C /* mainTableViewController.swift */ = {isa = PBXFileReference; fileEncoding = 4; lastKnownFileType = sourcecode.swift; path = mainTableViewController.swift; sourceTree = "<group>"; };
		389586E31CEC21290027485C /* isbnViewController.swift */ = {isa = PBXFileReference; fileEncoding = 4; lastKnownFileType = sourcecode.swift; path = isbnViewController.swift; sourceTree = "<group>"; };
		38BA87FF1D15D92100F0C509 /* detalleViewController.swift */ = {isa = PBXFileReference; fileEncoding = 4; lastKnownFileType = sourcecode.swift; path = detalleViewController.swift; sourceTree = "<group>"; };
/* End PBXFileReference section */

/* Begin PBXFrameworksBuildPhase section */
		389586C61CEAD9CC0027485C /* Frameworks */ = {
			isa = PBXFrameworksBuildPhase;
			buildActionMask = 2147483647;
			files = (
			);
			runOnlyForDeploymentPostprocessing = 0;
		};
/* End PBXFrameworksBuildPhase section */

/* Begin PBXGroup section */
		389586C01CEAD9CC0027485C = {
			isa = PBXGroup;
			children = (
				389586CB1CEAD9CC0027485C /* taskWeek5CoreData */,
				389586CA1CEAD9CC0027485C /* Products */,
			);
			sourceTree = "<group>";
		};
		389586CA1CEAD9CC0027485C /* Products */ = {
			isa = PBXGroup;
			children = (
				389586C91CEAD9CC0027485C /* taskWeek5CoreData.app */,
			);
			name = Products;
			sourceTree = "<group>";
		};
		389586CB1CEAD9CC0027485C /* taskWeek5CoreData */ = {
			isa = PBXGroup;
			children = (
				389586CC1CEAD9CC0027485C /* AppDelegate.swift */,
				389586CE1CEAD9CC0027485C /* ViewController.swift */,
				389586D01CEAD9CC0027485C /* Main.storyboard */,
				389586D61CEAD9CC0027485C /* Assets.xcassets */,
				389586D81CEAD9CC0027485C /* LaunchScreen.storyboard */,
				389586DB1CEAD9CC0027485C /* Info.plist */,
				389586D31CEAD9CC0027485C /* taskWeek5CoreData.xcdatamodeld */,
				389586E11CEC20840027485C /* mainTableViewController.swift */,
				389586E31CEC21290027485C /* isbnViewController.swift */,
				38BA87FF1D15D92100F0C509 /* detalleViewController.swift */,
			);
			path = taskWeek5CoreData;
			sourceTree = "<group>";
		};
/* End PBXGroup section */

/* Begin PBXNativeTarget section */
		389586C81CEAD9CC0027485C /* taskWeek5CoreData */ = {
			isa = PBXNativeTarget;
			buildConfigurationList = 389586DE1CEAD9CC0027485C /* Build configuration list for PBXNativeTarget "taskWeek5CoreData" */;
			buildPhases = (
				389586C51CEAD9CC0027485C /* Sources */,
				389586C61CEAD9CC0027485C /* Frameworks */,
				389586C71CEAD9CC0027485C /* Resources */,
			);
			buildRules = (
			);
			dependencies = (
			);
			name = taskWeek5CoreData;
			productName = taskWeek5CoreData;
			productReference = 389586C91CEAD9CC0027485C /* taskWeek5CoreData.app */;
			productType = "com.apple.product-type.application";
		};
/* End PBXNativeTarget section */

/* Begin PBXProject section */
		389586C11CEAD9CC0027485C /* Project object */ = {
			isa = PBXProject;
			attributes = {
				LastSwiftUpdateCheck = 0730;
				LastUpgradeCheck = 0730;
				ORGANIZATIONNAME = "Julio Ahuactzin";
				TargetAttributes = {
					389586C81CEAD9CC0027485C = {
						CreatedOnToolsVersion = 7.3.1;
						DevelopmentTeam = KCNBNM3PV5;
					};
				};
			};
			buildConfigurationList = 389586C41CEAD9CC0027485C /* Build configuration list for PBXProject "taskWeek5CoreData" */;
			compatibilityVersion = "Xcode 3.2";
			developmentRegion = English;
			hasScannedForEncodings = 0;
			knownRegions = (
				en,
				Base,
			);
			mainGroup = 389586C01CEAD9CC0027485C;
			productRefGroup = 389586CA1CEAD9CC0027485C /* Products */;
			projectDirPath = "";
			projectRoot = "";
			targets = (
				389586C81CEAD9CC0027485C /* taskWeek5CoreData */,
			);
		};
/* End PBXProject section */

/* Begin PBXResourcesBuildPhase section */
		389586C71CEAD9CC0027485C /* Resources */ = {
			isa = PBXResourcesBuildPhase;
			buildActionMask = 2147483647;
			files = (
				389586DA1CEAD9CC0027485C /* LaunchScreen.storyboard in Resources */,
				389586D71CEAD9CC0027485C /* Assets.xcassets in Resources */,
				389586D21CEAD9CC0027485C /* Main.storyboard in Resources */,
			);
			runOnlyForDeploymentPostprocessing = 0;
		};
/* End PBXResourcesBuildPhase section */

/* Begin PBXSourcesBuildPhase section */
		389586C51CEAD9CC0027485C /* Sources */ = {
			isa = PBXSourcesBuildPhase;
			buildActionMask = 2147483647;
			files = (
				389586E41CEC21290027485C /* isbnViewController.swift in Sources */,
				389586E21CEC20850027485C /* mainTableViewController.swift in Sources */,
				38BA88001D15D92100F0C509 /* detalleViewController.swift in Sources */,
				389586D51CEAD9CC0027485C /* taskWeek5CoreData.xcdatamodeld in Sources */,
				389586CF1CEAD9CC0027485C /* ViewController.swift in Sources */,
				389586CD1CEAD9CC0027485C /* AppDelegate.swift in Sources */,
			);
			runOnlyForDeploymentPostprocessing = 0;
		};
/* End PBXSourcesBuildPhase section */

/* Begin PBXVariantGroup section */
		389586D01CEAD9CC0027485C /* Main.storyboard */ = {
			isa = PBXVariantGroup;
			children = (
				389586D11CEAD9CC0027485C /* Base */,
			);
			name = Main.storyboard;
			sourceTree = "<group>";
		};
		389586D81CEAD9CC0027485C /* LaunchScreen.storyboard */ = {
			isa = PBXVariantGroup;
			children = (
				389586D91CEAD9CC0027485C /* Base */,
			);
			name = LaunchScreen.storyboard;
			sourceTree = "<group>";
		};
/* End PBXVariantGroup section */

/* Begin XCBuildConfiguration section */
		389586DC1CEAD9CC0027485C /* Debug */ = {
			isa = XCBuildConfiguration;
			buildSettings = {
				ALWAYS_SEARCH_USER_PATHS = NO;
				CLANG_ANALYZER_NONNULL = YES;
				CLANG_CXX_LANGUAGE_STANDARD = "gnu++0x";
				CLANG_CXX_LIBRARY = "libc++";
				CLANG_ENABLE_MODULES = YES;
				CLANG_ENABLE_OBJC_ARC = YES;
				CLANG_WARN_BOOL_CONVERSION = YES;
				CLANG_WARN_CONSTANT_CONVERSION = YES;
				CLANG_WARN_DIRECT_OBJC_ISA_USAGE = YES_ERROR;
				CLANG_WARN_EMPTY_BODY = YES;
				CLANG_WARN_ENUM_CONVERSION = YES;
				CLANG_WARN_INT_CONVERSION = YES;
				CLANG_WARN_OBJC_ROOT_CLASS = YES_ERROR;
				CLANG_WARN_UNREACHABLE_CODE = YES;
				CLANG_WARN__DUPLICATE_METHOD_MATCH = YES;
				"CODE_SIGN_IDENTITY[sdk=iphoneos*]" = "iPhone Developer";
				COPY_PHASE_STRIP = NO;
				DEBUG_INFORMATION_FORMAT = dwarf;
				ENABLE_STRICT_OBJC_MSGSEND = YES;
				ENABLE_TESTABILITY = YES;
				GCC_C_LANGUAGE_STANDARD = gnu99;
				GCC_DYNAMIC_NO_PIC = NO;
				GCC_NO_COMMON_BLOCKS = YES;
				GCC_OPTIMIZATION_LEVEL = 0;
				GCC_PREPROCESSOR_DEFINITIONS = (
					"DEBUG=1",
					"$(inherited)",
				);
				GCC_WARN_64_TO_32_BIT_CONVERSION = YES;
				GCC_WARN_ABOUT_RETURN_TYPE = YES_ERROR;
				GCC_WARN_UNDECLARED_SELECTOR = YES;
				GCC_WARN_UNINITIALIZED_AUTOS = YES_AGGRESSIVE;
				GCC_WARN_UNUSED_FUNCTION = YES;
				GCC_WARN_UNUSED_VARIABLE = YES;
				IPHONEOS_DEPLOYMENT_TARGET = 9.3;
				MTL_ENABLE_DEBUG_INFO = YES;
				ONLY_ACTIVE_ARCH = YES;
				SDKROOT = iphoneos;
				SWIFT_OPTIMIZATION_LEVEL = "-Onone";
			};
			name = Debug;
		};
		389586DD1CEAD9CC0027485C /* Release */ = {
			isa = XCBuildConfiguration;
			buildSettings = {
				ALWAYS_SEARCH_USER_PATHS = NO;
				CLANG_ANALYZER_NONNULL = YES;
				CLANG_CXX_LANGUAGE_STANDARD = "gnu++0x";
				CLANG_CXX_LIBRARY = "libc++";
				CLANG_ENABLE_MODULES = YES;
				CLANG_ENABLE_OBJC_ARC = YES;
				CLANG_WARN_BOOL_CONVERSION = YES;
				CLANG_WARN_CONSTANT_CONVERSION = YES;
				CLANG_WARN_DIRECT_OBJC_ISA_USAGE = YES_ERROR;
				CLANG_WARN_EMPTY_BODY = YES;
				CLANG_WARN_ENUM_CONVERSION = YES;
				CLANG_WARN_INT_CONVERSION = YES;
				CLANG_WARN_OBJC_ROOT_CLASS = YES_ERROR;
				CLANG_WARN_UNREACHABLE_CODE = YES;
				CLANG_WARN__DUPLICATE_METHOD_MATCH = YES;
				"CODE_SIGN_IDENTITY[sdk=iphoneos*]" = "iPhone Developer";
				COPY_PHASE_STRIP = NO;
				DEBUG_INFORMATION_FORMAT = "dwarf-with-dsym";
				ENABLE_NS_ASSERTIONS = NO;
				ENABLE_STRICT_OBJC_MSGSEND = YES;
				GCC_C_LANGUAGE_STANDARD = gnu99;
				GCC_NO_COMMON_BLOCKS = YES;
				GCC_WARN_64_TO_32_BIT_CONVERSION = YES;
				GCC_WARN_ABOUT_RETURN_TYPE = YES_ERROR;
				GCC_WARN_UNDECLARED_SELECTOR = YES;
				GCC_WARN_UNINITIALIZED_AUTOS = YES_AGGRESSIVE;
				GCC_WARN_UNUSED_FUNCTION = YES;
				GCC_WARN_UNUSED_VARIABLE = YES;
				IPHONEOS_DEPLOYMENT_TARGET = 9.3;
				MTL_ENABLE_DEBUG_INFO = NO;
				SDKROOT = iphoneos;
				VALIDATE_PRODUCT = YES;
			};
			name = Release;
		};
		389586DF1CEAD9CC0027485C /* Debug */ = {
			isa = XCBuildConfiguration;
			buildSettings = {
				ASSETCATALOG_COMPILER_APPICON_NAME = AppIcon;
				INFOPLIST_FILE = taskWeek5CoreData/Info.plist;
				LD_RUNPATH_SEARCH_PATHS = "$(inherited) @executable_path/Frameworks";
				PRODUCT_BUNDLE_IDENTIFIER = com.apps.taskWeek5CoreData;
				PRODUCT_NAME = "$(TARGET_NAME)";
			};
			name = Debug;
		};
		389586E01CEAD9CC0027485C /* Release */ = {
			isa = XCBuildConfiguration;
			buildSettings = {
				ASSETCATALOG_COMPILER_APPICON_NAME = AppIcon;
				INFOPLIST_FILE = taskWeek5CoreData/Info.plist;
				LD_RUNPATH_SEARCH_PATHS = "$(inherited) @executable_path/Frameworks";
				PRODUCT_BUNDLE_IDENTIFIER = com.apps.taskWeek5CoreData;
				PRODUCT_NAME = "$(TARGET_NAME)";
			};
			name = Release;
		};
/* End XCBuildConfiguration section */

/* Begin XCConfigurationList section */
		389586C41CEAD9CC0027485C /* Build configuration list for PBXProject "taskWeek5CoreData" */ = {
			isa = XCConfigurationList;
			buildConfigurations = (
				389586DC1CEAD9CC0027485C /* Debug */,
				389586DD1CEAD9CC0027485C /* Release */,
			);
			defaultConfigurationIsVisible = 0;
			defaultConfigurationName = Release;
		};
		389586DE1CEAD9CC0027485C /* Build configuration list for PBXNativeTarget "taskWeek5CoreData" */ = {
			isa = XCConfigurationList;
			buildConfigurations = (
				389586DF1CEAD9CC0027485C /* Debug */,
				389586E01CEAD9CC0027485C /* Release */,
			);
			defaultConfigurationIsVisible = 0;
			defaultConfigurationName = Release;
		};
/* End XCConfigurationList section */

/* Begin XCVersionGroup section */
		389586D31CEAD9CC0027485C /* taskWeek5CoreData.xcdatamodeld */ = {
			isa = XCVersionGroup;
			children = (
				389586D41CEAD9CC0027485C /* taskWeek5CoreData.xcdatamodel */,
			);
			currentVersion = 389586D41CEAD9CC0027485C /* taskWeek5CoreData.xcdatamodel */;
			path = taskWeek5CoreData.xcdatamodeld;
			sourceTree = "<group>";
			versionGroupType = wrapper.xcdatamodel;
		};
/* End XCVersionGroup section */
	};
	rootObject = 389586C11CEAD9CC0027485C /* Project object */;
}
